
Microsoft Visual Studio Solution File, Format Version 12.00
# Visual Studio 14
VisualStudioVersion = 14.0.24720.0
MinimumVisualStudioVersion = 10.0.40219.1
Project("{FAE04EC0-301F-11D3-BF4B-00C04F79EFBC}") = "Fibonacci2.Droid", "Fibonacci2\Fibonacci2.Droid\Fibonacci2.Droid.csproj", "{21F4451A-8860-41E4-8188-9AF53F0B40E4}"
EndProject
Project("{FAE04EC0-301F-11D3-BF4B-00C04F79EFBC}") = "Fibonacci2.WinPhone", "Fibonacci2\Fibonacci2.WinPhone\Fibonacci2.WinPhone.csproj", "{5A1DBDE4-D116-4E5E-A0CB-6A3247376BBA}"
EndProject
Project("{FAE04EC0-301F-11D3-BF4B-00C04F79EFBC}") = "Fibonacci2", "Fibonacci2\Fibonacci2\Fibonacci2.csproj", "{62B02475-85A4-48A4-A6BF-FEA5DB78C12A}"
EndProject
Project("{FAE04EC0-301F-11D3-BF4B-00C04F79EFBC}") = "Fibonacci2.Core", "Fibonacci2.Core\Fibonacci2.Core.csproj", "{3B8A463B-2046-4DCA-BC8D-52F4B959E23C}"
EndProject
Project("{FAE04EC0-301F-11D3-BF4B-00C04F79EFBC}") = "Fibonacci2.Core.Tests", "Fibonacci.Core.Tests\Fibonacci2.Core.Tests.csproj", "{A051E9C3-509B-4350-AED4-B6B490022BEF}"
EndProject
Global
	GlobalSection(SolutionConfigurationPlatforms) = preSolution
		Ad-Hoc|Any CPU = Ad-Hoc|Any CPU
		Ad-Hoc|ARM = Ad-Hoc|ARM
		Ad-Hoc|iPhone = Ad-Hoc|iPhone
		Ad-Hoc|iPhoneSimulator = Ad-Hoc|iPhoneSimulator
		Ad-Hoc|x86 = Ad-Hoc|x86
		AppStore|Any CPU = AppStore|Any CPU
		AppStore|ARM = AppStore|ARM
		AppStore|iPhone = AppStore|iPhone
		AppStore|iPhoneSimulator = AppStore|iPhoneSimulator
		AppStore|x86 = AppStore|x86
		Debug|Any CPU = Debug|Any CPU
		Debug|ARM = Debug|ARM
		Debug|iPhone = Debug|iPhone
		Debug|iPhoneSimulator = Debug|iPhoneSimulator
		Debug|x86 = Debug|x86
		Release|Any CPU = Release|Any CPU
		Release|ARM = Release|ARM
		Release|iPhone = Release|iPhone
		Release|iPhoneSimulator = Release|iPhoneSimulator
		Release|x86 = Release|x86
	EndGlobalSection
	GlobalSection(ProjectConfigurationPlatforms) = postSolution
		{21F4451A-8860-41E4-8188-9AF53F0B40E4}.Ad-Hoc|Any CPU.ActiveCfg = Release|Any CPU
		{21F4451A-8860-41E4-8188-9AF53F0B40E4}.Ad-Hoc|Any CPU.Build.0 = Release|Any CPU
		{21F4451A-8860-41E4-8188-9AF53F0B40E4}.Ad-Hoc|Any CPU.Deploy.0 = Release|Any CPU
		{21F4451A-8860-41E4-8188-9AF53F0B40E4}.Ad-Hoc|ARM.ActiveCfg = Release|Any CPU
		{21F4451A-8860-41E4-8188-9AF53F0B40E4}.Ad-Hoc|ARM.Build.0 = Release|Any CPU
		{21F4451A-8860-41E4-8188-9AF53F0B40E4}.Ad-Hoc|ARM.Deploy.0 = Release|Any CPU
		{21F4451A-8860-41E4-8188-9AF53F0B40E4}.Ad-Hoc|iPhone.ActiveCfg = Release|Any CPU
		{21F4451A-8860-41E4-8188-9AF53F0B40E4}.Ad-Hoc|iPhone.Build.0 = Release|Any CPU
		{21F4451A-8860-41E4-8188-9AF53F0B40E4}.Ad-Hoc|iPhone.Deploy.0 = Release|Any CPU
		{21F4451A-8860-41E4-8188-9AF53F0B40E4}.Ad-Hoc|iPhoneSimulator.ActiveCfg = Release|Any CPU
		{21F4451A-8860-41E4-8188-9AF53F0B40E4}.Ad-Hoc|iPhoneSimulator.Build.0 = Release|Any CPU
		{21F4451A-8860-41E4-8188-9AF53F0B40E4}.Ad-Hoc|iPhoneSimulator.Deploy.0 = Release|Any CPU
		{21F4451A-8860-41E4-8188-9AF53F0B40E4}.Ad-Hoc|x86.ActiveCfg = Release|Any CPU
		{21F4451A-8860-41E4-8188-9AF53F0B40E4}.Ad-Hoc|x86.Build.0 = Release|Any CPU
		{21F4451A-8860-41E4-8188-9AF53F0B40E4}.Ad-Hoc|x86.Deploy.0 = Release|Any CPU
		{21F4451A-8860-41E4-8188-9AF53F0B40E4}.AppStore|Any CPU.ActiveCfg = Release|Any CPU
		{21F4451A-8860-41E4-8188-9AF53F0B40E4}.AppStore|Any CPU.Build.0 = Release|Any CPU
		{21F4451A-8860-41E4-8188-9AF53F0B40E4}.AppStore|Any CPU.Deploy.0 = Release|Any CPU
		{21F4451A-8860-41E4-8188-9AF53F0B40E4}.AppStore|ARM.ActiveCfg = Release|Any CPU
		{21F4451A-8860-41E4-8188-9AF53F0B40E4}.AppStore|ARM.Build.0 = Release|Any CPU
		{21F4451A-8860-41E4-8188-9AF53F0B40E4}.AppStore|ARM.Deploy.0 = Release|Any CPU
		{21F4451A-8860-41E4-8188-9AF53F0B40E4}.AppStore|iPhone.ActiveCfg = Release|Any CPU
		{21F4451A-8860-41E4-8188-9AF53F0B40E4}.AppStore|iPhone.Build.0 = Release|Any CPU
		{21F4451A-8860-41E4-8188-9AF53F0B40E4}.AppStore|iPhone.Deploy.0 = Release|Any CPU
		{21F4451A-8860-41E4-8188-9AF53F0B40E4}.AppStore|iPhoneSimulator.ActiveCfg = Release|Any CPU
		{21F4451A-8860-41E4-8188-9AF53F0B40E4}.AppStore|iPhoneSimulator.Build.0 = Release|Any CPU
		{21F4451A-8860-41E4-8188-9AF53F0B40E4}.AppStore|iPhoneSimulator.Deploy.0 = Release|Any CPU
		{21F4451A-8860-41E4-8188-9AF53F0B40E4}.AppStore|x86.ActiveCfg = Release|Any CPU
		{21F4451A-8860-41E4-8188-9AF53F0B40E4}.AppStore|x86.Build.0 = Release|Any CPU
		{21F4451A-8860-41E4-8188-9AF53F0B40E4}.AppStore|x86.Deploy.0 = Release|Any CPU
		{21F4451A-8860-41E4-8188-9AF53F0B40E4}.Debug|Any CPU.ActiveCfg = Debug|Any CPU
		{21F4451A-8860-41E4-8188-9AF53F0B40E4}.Debug|Any CPU.Build.0 = Debug|Any CPU
		{21F4451A-8860-41E4-8188-9AF53F0B40E4}.Debug|Any CPU.Deploy.0 = Debug|Any CPU
		{21F4451A-8860-41E4-8188-9AF53F0B40E4}.Debug|ARM.ActiveCfg = Debug|Any CPU
		{21F4451A-8860-41E4-8188-9AF53F0B40E4}.Debug|ARM.Build.0 = Debug|Any CPU
		{21F4451A-8860-41E4-8188-9AF53F0B40E4}.Debug|ARM.Deploy.0 = Debug|Any CPU
		{21F4451A-8860-41E4-8188-9AF53F0B40E4}.Debug|iPhone.ActiveCfg = Debug|Any CPU
		{21F4451A-8860-41E4-8188-9AF53F0B40E4}.Debug|iPhone.Build.0 = Debug|Any CPU
		{21F4451A-8860-41E4-8188-9AF53F0B40E4}.Debug|iPhone.Deploy.0 = Debug|Any CPU
		{21F4451A-8860-41E4-8188-9AF53F0B40E4}.Debug|iPhoneSimulator.ActiveCfg = Debug|Any CPU
		{21F4451A-8860-41E4-8188-9AF53F0B40E4}.Debug|iPhoneSimulator.Build.0 = Debug|Any CPU
		{21F4451A-8860-41E4-8188-9AF53F0B40E4}.Debug|iPhoneSimulator.Deploy.0 = Debug|Any CPU
		{21F4451A-8860-41E4-8188-9AF53F0B40E4}.Debug|x86.ActiveCfg = Debug|Any CPU
		{21F4451A-8860-41E4-8188-9AF53F0B40E4}.Debug|x86.Build.0 = Debug|Any CPU
		{21F4451A-8860-41E4-8188-9AF53F0B40E4}.Debug|x86.Deploy.0 = Debug|Any CPU
		{21F4451A-8860-41E4-8188-9AF53F0B40E4}.Release|Any CPU.ActiveCfg = Release|Any CPU
		{21F4451A-8860-41E4-8188-9AF53F0B40E4}.Release|Any CPU.Build.0 = Release|Any CPU
		{21F4451A-8860-41E4-8188-9AF53F0B40E4}.Release|Any CPU.Deploy.0 = Release|Any CPU
		{21F4451A-8860-41E4-8188-9AF53F0B40E4}.Release|ARM.ActiveCfg = Release|Any CPU
		{21F4451A-8860-41E4-8188-9AF53F0B40E4}.Release|ARM.Build.0 = Release|Any CPU
		{21F4451A-8860-41E4-8188-9AF53F0B40E4}.Release|ARM.Deploy.0 = Release|Any CPU
		{21F4451A-8860-41E4-8188-9AF53F0B40E4}.Release|iPhone.ActiveCfg = Release|Any CPU
		{21F4451A-8860-41E4-8188-9AF53F0B40E4}.Release|iPhone.Build.0 = Release|Any CPU
		{21F4451A-8860-41E4-8188-9AF53F0B40E4}.Release|iPhone.Deploy.0 = Release|Any CPU
		{21F4451A-8860-41E4-8188-9AF53F0B40E4}.Release|iPhoneSimulator.ActiveCfg = Release|Any CPU
		{21F4451A-8860-41E4-8188-9AF53F0B40E4}.Release|iPhoneSimulator.Build.0 = Release|Any CPU
		{21F4451A-8860-41E4-8188-9AF53F0B40E4}.Release|iPhoneSimulator.Deploy.0 = Release|Any CPU
		{21F4451A-8860-41E4-8188-9AF53F0B40E4}.Release|x86.ActiveCfg = Release|Any CPU
		{21F4451A-8860-41E4-8188-9AF53F0B40E4}.Release|x86.Build.0 = Release|Any CPU
		{21F4451A-8860-41E4-8188-9AF53F0B40E4}.Release|x86.Deploy.0 = Release|Any CPU
		{5A1DBDE4-D116-4E5E-A0CB-6A3247376BBA}.Ad-Hoc|Any CPU.ActiveCfg = Release|Any CPU
		{5A1DBDE4-D116-4E5E-A0CB-6A3247376BBA}.Ad-Hoc|Any CPU.Build.0 = Release|Any CPU
		{5A1DBDE4-D116-4E5E-A0CB-6A3247376BBA}.Ad-Hoc|Any CPU.Deploy.0 = Release|Any CPU
		{5A1DBDE4-D116-4E5E-A0CB-6A3247376BBA}.Ad-Hoc|ARM.ActiveCfg = Release|ARM
		{5A1DBDE4-D116-4E5E-A0CB-6A3247376BBA}.Ad-Hoc|ARM.Build.0 = Release|ARM
		{5A1DBDE4-D116-4E5E-A0CB-6A3247376BBA}.Ad-Hoc|ARM.Deploy.0 = Release|ARM
		{5A1DBDE4-D116-4E5E-A0CB-6A3247376BBA}.Ad-Hoc|iPhone.ActiveCfg = Release|Any CPU
		{5A1DBDE4-D116-4E5E-A0CB-6A3247376BBA}.Ad-Hoc|iPhone.Build.0 = Release|Any CPU
		{5A1DBDE4-D116-4E5E-A0CB-6A3247376BBA}.Ad-Hoc|iPhone.Deploy.0 = Release|Any CPU
		{5A1DBDE4-D116-4E5E-A0CB-6A3247376BBA}.Ad-Hoc|iPhoneSimulator.ActiveCfg = Release|Any CPU
		{5A1DBDE4-D116-4E5E-A0CB-6A3247376BBA}.Ad-Hoc|iPhoneSimulator.Build.0 = Release|Any CPU
		{5A1DBDE4-D116-4E5E-A0CB-6A3247376BBA}.Ad-Hoc|iPhoneSimulator.Deploy.0 = Release|Any CPU
		{5A1DBDE4-D116-4E5E-A0CB-6A3247376BBA}.Ad-Hoc|x86.ActiveCfg = Release|x86
		{5A1DBDE4-D116-4E5E-A0CB-6A3247376BBA}.Ad-Hoc|x86.Build.0 = Release|x86
		{5A1DBDE4-D116-4E5E-A0CB-6A3247376BBA}.Ad-Hoc|x86.Deploy.0 = Release|x86
		{5A1DBDE4-D116-4E5E-A0CB-6A3247376BBA}.AppStore|Any CPU.ActiveCfg = Release|Any CPU
		{5A1DBDE4-D116-4E5E-A0CB-6A3247376BBA}.AppStore|Any CPU.Build.0 = Release|Any CPU
		{5A1DBDE4-D116-4E5E-A0CB-6A3247376BBA}.AppStore|Any CPU.Deploy.0 = Release|Any CPU
		{5A1DBDE4-D116-4E5E-A0CB-6A3247376BBA}.AppStore|ARM.ActiveCfg = Release|ARM
		{5A1DBDE4-D116-4E5E-A0CB-6A3247376BBA}.AppStore|ARM.Build.0 = Release|ARM
		{5A1DBDE4-D116-4E5E-A0CB-6A3247376BBA}.AppStore|ARM.Deploy.0 = Release|ARM
		{5A1DBDE4-D116-4E5E-A0CB-6A3247376BBA}.AppStore|iPhone.ActiveCfg = Release|Any CPU
		{5A1DBDE4-D116-4E5E-A0CB-6A3247376BBA}.AppStore|iPhone.Build.0 = Release|Any CPU
		{5A1DBDE4-D116-4E5E-A0CB-6A3247376BBA}.AppStore|iPhone.Deploy.0 = Release|Any CPU
		{5A1DBDE4-D116-4E5E-A0CB-6A3247376BBA}.AppStore|iPhoneSimulator.ActiveCfg = Release|Any CPU
		{5A1DBDE4-D116-4E5E-A0CB-6A3247376BBA}.AppStore|iPhoneSimulator.Build.0 = Release|Any CPU
		{5A1DBDE4-D116-4E5E-A0CB-6A3247376BBA}.AppStore|iPhoneSimulator.Deploy.0 = Release|Any CPU
		{5A1DBDE4-D116-4E5E-A0CB-6A3247376BBA}.AppStore|x86.ActiveCfg = Release|x86
		{5A1DBDE4-D116-4E5E-A0CB-6A3247376BBA}.AppStore|x86.Build.0 = Release|x86
		{5A1DBDE4-D116-4E5E-A0CB-6A3247376BBA}.AppStore|x86.Deploy.0 = Release|x86
		{5A1DBDE4-D116-4E5E-A0CB-6A3247376BBA}.Debug|Any CPU.ActiveCfg = Debug|Any CPU
		{5A1DBDE4-D116-4E5E-A0CB-6A3247376BBA}.Debug|Any CPU.Build.0 = Debug|Any CPU
		{5A1DBDE4-D116-4E5E-A0CB-6A3247376BBA}.Debug|Any CPU.Deploy.0 = Debug|Any CPU
		{5A1DBDE4-D116-4E5E-A0CB-6A3247376BBA}.Debug|ARM.ActiveCfg = Debug|ARM
		{5A1DBDE4-D116-4E5E-A0CB-6A3247376BBA}.Debug|ARM.Build.0 = Debug|ARM
		{5A1DBDE4-D116-4E5E-A0CB-6A3247376BBA}.Debug|ARM.Deploy.0 = Debug|ARM
		{5A1DBDE4-D116-4E5E-A0CB-6A3247376BBA}.Debug|iPhone.ActiveCfg = Debug|Any CPU
		{5A1DBDE4-D116-4E5E-A0CB-6A3247376BBA}.Debug|iPhone.Build.0 = Debug|Any CPU
		{5A1DBDE4-D116-4E5E-A0CB-6A3247376BBA}.Debug|iPhone.Deploy.0 = Debug|Any CPU
		{5A1DBDE4-D116-4E5E-A0CB-6A3247376BBA}.Debug|iPhoneSimulator.ActiveCfg = Debug|Any CPU
		{5A1DBDE4-D116-4E5E-A0CB-6A3247376BBA}.Debug|iPhoneSimulator.Build.0 = Debug|Any CPU
		{5A1DBDE4-D116-4E5E-A0CB-6A3247376BBA}.Debug|iPhoneSimulator.Deploy.0 = Debug|Any CPU
		{5A1DBDE4-D116-4E5E-A0CB-6A3247376BBA}.Debug|x86.ActiveCfg = Debug|x86
		{5A1DBDE4-D116-4E5E-A0CB-6A3247376BBA}.Debug|x86.Build.0 = Debug|x86
		{5A1DBDE4-D116-4E5E-A0CB-6A3247376BBA}.Debug|x86.Deploy.0 = Debug|x86
		{5A1DBDE4-D116-4E5E-A0CB-6A3247376BBA}.Release|Any CPU.ActiveCfg = Release|Any CPU
		{5A1DBDE4-D116-4E5E-A0CB-6A3247376BBA}.Release|Any CPU.Build.0 = Release|Any CPU
		{5A1DBDE4-D116-4E5E-A0CB-6A3247376BBA}.Release|Any CPU.Deploy.0 = Release|Any CPU
		{5A1DBDE4-D116-4E5E-A0CB-6A3247376BBA}.Release|ARM.ActiveCfg = Release|ARM
		{5A1DBDE4-D116-4E5E-A0CB-6A3247376BBA}.Release|ARM.Build.0 = Release|ARM
		{5A1DBDE4-D116-4E5E-A0CB-6A3247376BBA}.Release|ARM.Deploy.0 = Release|ARM
		{5A1DBDE4-D116-4E5E-A0CB-6A3247376BBA}.Release|iPhone.ActiveCfg = Release|Any CPU
		{5A1DBDE4-D116-4E5E-A0CB-6A3247376BBA}.Release|iPhone.Build.0 = Release|Any CPU
		{5A1DBDE4-D116-4E5E-A0CB-6A3247376BBA}.Release|iPhone.Deploy.0 = Release|Any CPU
		{5A1DBDE4-D116-4E5E-A0CB-6A3247376BBA}.Release|iPhoneSimulator.ActiveCfg = Release|Any CPU
		{5A1DBDE4-D116-4E5E-A0CB-6A3247376BBA}.Release|iPhoneSimulator.Build.0 = Release|Any CPU
		{5A1DBDE4-D116-4E5E-A0CB-6A3247376BBA}.Release|iPhoneSimulator.Deploy.0 = Release|Any CPU
		{5A1DBDE4-D116-4E5E-A0CB-6A3247376BBA}.Release|x86.ActiveCfg = Release|x86
		{5A1DBDE4-D116-4E5E-A0CB-6A3247376BBA}.Release|x86.Build.0 = Release|x86
		{5A1DBDE4-D116-4E5E-A0CB-6A3247376BBA}.Release|x86.Deploy.0 = Release|x86
		{62B02475-85A4-48A4-A6BF-FEA5DB78C12A}.Ad-Hoc|Any CPU.ActiveCfg = Release|Any CPU
		{62B02475-85A4-48A4-A6BF-FEA5DB78C12A}.Ad-Hoc|Any CPU.Build.0 = Release|Any CPU
		{62B02475-85A4-48A4-A6BF-FEA5DB78C12A}.Ad-Hoc|ARM.ActiveCfg = Release|Any CPU
		{62B02475-85A4-48A4-A6BF-FEA5DB78C12A}.Ad-Hoc|ARM.Build.0 = Release|Any CPU
		{62B02475-85A4-48A4-A6BF-FEA5DB78C12A}.Ad-Hoc|iPhone.ActiveCfg = Release|Any CPU
		{62B02475-85A4-48A4-A6BF-FEA5DB78C12A}.Ad-Hoc|iPhone.Build.0 = Release|Any CPU
		{62B02475-85A4-48A4-A6BF-FEA5DB78C12A}.Ad-Hoc|iPhoneSimulator.ActiveCfg = Release|Any CPU
		{62B02475-85A4-48A4-A6BF-FEA5DB78C12A}.Ad-Hoc|iPhoneSimulator.Build.0 = Release|Any CPU
		{62B02475-85A4-48A4-A6BF-FEA5DB78C12A}.Ad-Hoc|x86.ActiveCfg = Release|Any CPU
		{62B02475-85A4-48A4-A6BF-FEA5DB78C12A}.Ad-Hoc|x86.Build.0 = Release|Any CPU
		{62B02475-85A4-48A4-A6BF-FEA5DB78C12A}.AppStore|Any CPU.ActiveCfg = Release|Any CPU
		{62B02475-85A4-48A4-A6BF-FEA5DB78C12A}.AppStore|Any CPU.Build.0 = Release|Any CPU
		{62B02475-85A4-48A4-A6BF-FEA5DB78C12A}.AppStore|ARM.ActiveCfg = Release|Any CPU
		{62B02475-85A4-48A4-A6BF-FEA5DB78C12A}.AppStore|ARM.Build.0 = Release|Any CPU
		{62B02475-85A4-48A4-A6BF-FEA5DB78C12A}.AppStore|iPhone.ActiveCfg = Release|Any CPU
		{62B02475-85A4-48A4-A6BF-FEA5DB78C12A}.AppStore|iPhone.Build.0 = Release|Any CPU
		{62B02475-85A4-48A4-A6BF-FEA5DB78C12A}.AppStore|iPhoneSimulator.ActiveCfg = Release|Any CPU
		{62B02475-85A4-48A4-A6BF-FEA5DB78C12A}.AppStore|iPhoneSimulator.Build.0 = Release|Any CPU
		{62B02475-85A4-48A4-A6BF-FEA5DB78C12A}.AppStore|x86.ActiveCfg = Release|Any CPU
		{62B02475-85A4-48A4-A6BF-FEA5DB78C12A}.AppStore|x86.Build.0 = Release|Any CPU
		{62B02475-85A4-48A4-A6BF-FEA5DB78C12A}.Debug|Any CPU.ActiveCfg = Debug|Any CPU
		{62B02475-85A4-48A4-A6BF-FEA5DB78C12A}.Debug|Any CPU.Build.0 = Debug|Any CPU
		{62B02475-85A4-48A4-A6BF-FEA5DB78C12A}.Debug|ARM.ActiveCfg = Debug|Any CPU
		{62B02475-85A4-48A4-A6BF-FEA5DB78C12A}.Debug|ARM.Build.0 = Debug|Any CPU
		{62B02475-85A4-48A4-A6BF-FEA5DB78C12A}.Debug|iPhone.ActiveCfg = Debug|Any CPU
		{62B02475-85A4-48A4-A6BF-FEA5DB78C12A}.Debug|iPhone.Build.0 = Debug|Any CPU
		{62B02475-85A4-48A4-A6BF-FEA5DB78C12A}.Debug|iPhoneSimulator.ActiveCfg = Debug|Any CPU
		{62B02475-85A4-48A4-A6BF-FEA5DB78C12A}.Debug|iPhoneSimulator.Build.0 = Debug|Any CPU
		{62B02475-85A4-48A4-A6BF-FEA5DB78C12A}.Debug|x86.ActiveCfg = Debug|Any CPU
		{62B02475-85A4-48A4-A6BF-FEA5DB78C12A}.Debug|x86.Build.0 = Debug|Any CPU
		{62B02475-85A4-48A4-A6BF-FEA5DB78C12A}.Release|Any CPU.ActiveCfg = Release|Any CPU
		{62B02475-85A4-48A4-A6BF-FEA5DB78C12A}.Release|Any CPU.Build.0 = Release|Any CPU
		{62B02475-85A4-48A4-A6BF-FEA5DB78C12A}.Release|ARM.ActiveCfg = Release|Any CPU
		{62B02475-85A4-48A4-A6BF-FEA5DB78C12A}.Release|ARM.Build.0 = Release|Any CPU
		{62B02475-85A4-48A4-A6BF-FEA5DB78C12A}.Release|iPhone.ActiveCfg = Release|Any CPU
		{62B02475-85A4-48A4-A6BF-FEA5DB78C12A}.Release|iPhone.Build.0 = Release|Any CPU
		{62B02475-85A4-48A4-A6BF-FEA5DB78C12A}.Release|iPhoneSimulator.ActiveCfg = Release|Any CPU
		{62B02475-85A4-48A4-A6BF-FEA5DB78C12A}.Release|iPhoneSimulator.Build.0 = Release|Any CPU
		{62B02475-85A4-48A4-A6BF-FEA5DB78C12A}.Release|x86.ActiveCfg = Release|Any CPU
		{62B02475-85A4-48A4-A6BF-FEA5DB78C12A}.Release|x86.Build.0 = Release|Any CPU
		{3B8A463B-2046-4DCA-BC8D-52F4B959E23C}.Ad-Hoc|Any CPU.ActiveCfg = Release|Any CPU
		{3B8A463B-2046-4DCA-BC8D-52F4B959E23C}.Ad-Hoc|Any CPU.Build.0 = Release|Any CPU
		{3B8A463B-2046-4DCA-BC8D-52F4B959E23C}.Ad-Hoc|ARM.ActiveCfg = Release|Any CPU
		{3B8A463B-2046-4DCA-BC8D-52F4B959E23C}.Ad-Hoc|ARM.Build.0 = Release|Any CPU
		{3B8A463B-2046-4DCA-BC8D-52F4B959E23C}.Ad-Hoc|iPhone.ActiveCfg = Release|Any CPU
		{3B8A463B-2046-4DCA-BC8D-52F4B959E23C}.Ad-Hoc|iPhone.Build.0 = Release|Any CPU
		{3B8A463B-2046-4DCA-BC8D-52F4B959E23C}.Ad-Hoc|iPhoneSimulator.ActiveCfg = Release|Any CPU
		{3B8A463B-2046-4DCA-BC8D-52F4B959E23C}.Ad-Hoc|iPhoneSimulator.Build.0 = Release|Any CPU
		{3B8A463B-2046-4DCA-BC8D-52F4B959E23C}.Ad-Hoc|x86.ActiveCfg = Release|Any CPU
		{3B8A463B-2046-4DCA-BC8D-52F4B959E23C}.Ad-Hoc|x86.Build.0 = Release|Any CPU
		{3B8A463B-2046-4DCA-BC8D-52F4B959E23C}.AppStore|Any CPU.ActiveCfg = Release|Any CPU
		{3B8A463B-2046-4DCA-BC8D-52F4B959E23C}.AppStore|Any CPU.Build.0 = Release|Any CPU
		{3B8A463B-2046-4DCA-BC8D-52F4B959E23C}.AppStore|ARM.ActiveCfg = Release|Any CPU
		{3B8A463B-2046-4DCA-BC8D-52F4B959E23C}.AppStore|ARM.Build.0 = Release|Any CPU
		{3B8A463B-2046-4DCA-BC8D-52F4B959E23C}.AppStore|iPhone.ActiveCfg = Release|Any CPU
		{3B8A463B-2046-4DCA-BC8D-52F4B959E23C}.AppStore|iPhone.Build.0 = Release|Any CPU
		{3B8A463B-2046-4DCA-BC8D-52F4B959E23C}.AppStore|iPhoneSimulator.ActiveCfg = Release|Any CPU
		{3B8A463B-2046-4DCA-BC8D-52F4B959E23C}.AppStore|iPhoneSimulator.Build.0 = Release|Any CPU
		{3B8A463B-2046-4DCA-BC8D-52F4B959E23C}.AppStore|x86.ActiveCfg = Release|Any CPU
		{3B8A463B-2046-4DCA-BC8D-52F4B959E23C}.AppStore|x86.Build.0 = Release|Any CPU
		{3B8A463B-2046-4DCA-BC8D-52F4B959E23C}.Debug|Any CPU.ActiveCfg = Debug|Any CPU
		{3B8A463B-2046-4DCA-BC8D-52F4B959E23C}.Debug|Any CPU.Build.0 = Debug|Any CPU
		{3B8A463B-2046-4DCA-BC8D-52F4B959E23C}.Debug|ARM.ActiveCfg = Debug|Any CPU
		{3B8A463B-2046-4DCA-BC8D-52F4B959E23C}.Debug|ARM.Build.0 = Debug|Any CPU
		{3B8A463B-2046-4DCA-BC8D-52F4B959E23C}.Debug|iPhone.ActiveCfg = Debug|Any CPU
		{3B8A463B-2046-4DCA-BC8D-52F4B959E23C}.Debug|iPhone.Build.0 = Debug|Any CPU
		{3B8A463B-2046-4DCA-BC8D-52F4B959E23C}.Debug|iPhoneSimulator.ActiveCfg = Debug|Any CPU
		{3B8A463B-2046-4DCA-BC8D-52F4B959E23C}.Debug|iPhoneSimulator.Build.0 = Debug|Any CPU
		{3B8A463B-2046-4DCA-BC8D-52F4B959E23C}.Debug|x86.ActiveCfg = Debug|Any CPU
		{3B8A463B-2046-4DCA-BC8D-52F4B959E23C}.Debug|x86.Build.0 = Debug|Any CPU
		{3B8A463B-2046-4DCA-BC8D-52F4B959E23C}.Release|Any CPU.ActiveCfg = Release|Any CPU
		{3B8A463B-2046-4DCA-BC8D-52F4B959E23C}.Release|Any CPU.Build.0 = Release|Any CPU
		{3B8A463B-2046-4DCA-BC8D-52F4B959E23C}.Release|ARM.ActiveCfg = Release|Any CPU
		{3B8A463B-2046-4DCA-BC8D-52F4B959E23C}.Release|ARM.Build.0 = Release|Any CPU
		{3B8A463B-2046-4DCA-BC8D-52F4B959E23C}.Release|iPhone.ActiveCfg = Release|Any CPU
		{3B8A463B-2046-4DCA-BC8D-52F4B959E23C}.Release|iPhone.Build.0 = Release|Any CPU
		{3B8A463B-2046-4DCA-BC8D-52F4B959E23C}.Release|iPhoneSimulator.ActiveCfg = Release|Any CPU
		{3B8A463B-2046-4DCA-BC8D-52F4B959E23C}.Release|iPhoneSimulator.Build.0 = Release|Any CPU
		{3B8A463B-2046-4DCA-BC8D-52F4B959E23C}.Release|x86.ActiveCfg = Release|Any CPU
		{3B8A463B-2046-4DCA-BC8D-52F4B959E23C}.Release|x86.Build.0 = Release|Any CPU
		{A051E9C3-509B-4350-AED4-B6B490022BEF}.Ad-Hoc|Any CPU.ActiveCfg = Release|Any CPU
		{A051E9C3-509B-4350-AED4-B6B490022BEF}.Ad-Hoc|Any CPU.Build.0 = Release|Any CPU
		{A051E9C3-509B-4350-AED4-B6B490022BEF}.Ad-Hoc|ARM.ActiveCfg = Release|Any CPU
		{A051E9C3-509B-4350-AED4-B6B490022BEF}.Ad-Hoc|ARM.Build.0 = Release|Any CPU
		{A051E9C3-509B-4350-AED4-B6B490022BEF}.Ad-Hoc|iPhone.ActiveCfg = Release|Any CPU
		{A051E9C3-509B-4350-AED4-B6B490022BEF}.Ad-Hoc|iPhone.Build.0 = Release|Any CPU
		{A051E9C3-509B-4350-AED4-B6B490022BEF}.Ad-Hoc|iPhoneSimulator.ActiveCfg = Release|Any CPU
		{A051E9C3-509B-4350-AED4-B6B490022BEF}.Ad-Hoc|iPhoneSimulator.Build.0 = Release|Any CPU
		{A051E9C3-509B-4350-AED4-B6B490022BEF}.Ad-Hoc|x86.ActiveCfg = Release|Any CPU
		{A051E9C3-509B-4350-AED4-B6B490022BEF}.Ad-Hoc|x86.Build.0 = Release|Any CPU
		{A051E9C3-509B-4350-AED4-B6B490022BEF}.AppStore|Any CPU.ActiveCfg = Release|Any CPU
		{A051E9C3-509B-4350-AED4-B6B490022BEF}.AppStore|Any CPU.Build.0 = Release|Any CPU
		{A051E9C3-509B-4350-AED4-B6B490022BEF}.AppStore|ARM.ActiveCfg = Release|Any CPU
		{A051E9C3-509B-4350-AED4-B6B490022BEF}.AppStore|ARM.Build.0 = Release|Any CPU
		{A051E9C3-509B-4350-AED4-B6B490022BEF}.AppStore|iPhone.ActiveCfg = Release|Any CPU
		{A051E9C3-509B-4350-AED4-B6B490022BEF}.AppStore|iPhone.Build.0 = Release|Any CPU
		{A051E9C3-509B-4350-AED4-B6B490022BEF}.AppStore|iPhoneSimulator.ActiveCfg = Release|Any CPU
		{A051E9C3-509B-4350-AED4-B6B490022BEF}.AppStore|iPhoneSimulator.Build.0 = Release|Any CPU
		{A051E9C3-509B-4350-AED4-B6B490022BEF}.AppStore|x86.ActiveCfg = Release|Any CPU
		{A051E9C3-509B-4350-AED4-B6B490022BEF}.AppStore|x86.Build.0 = Release|Any CPU
		{A051E9C3-509B-4350-AED4-B6B490022BEF}.Debug|Any CPU.ActiveCfg = Debug|Any CPU
		{A051E9C3-509B-4350-AED4-B6B490022BEF}.Debug|Any CPU.Build.0 = Debug|Any CPU
		{A051E9C3-509B-4350-AED4-B6B490022BEF}.Debug|ARM.ActiveCfg = Debug|Any CPU
		{A051E9C3-509B-4350-AED4-B6B490022BEF}.Debug|ARM.Build.0 = Debug|Any CPU
		{A051E9C3-509B-4350-AED4-B6B490022BEF}.Debug|iPhone.ActiveCfg = Debug|Any CPU
		{A051E9C3-509B-4350-AED4-B6B490022BEF}.Debug|iPhone.Build.0 = Debug|Any CPU
		{A051E9C3-509B-4350-AED4-B6B490022BEF}.Debug|iPhoneSimulator.ActiveCfg = Debug|Any CPU
		{A051E9C3-509B-4350-AED4-B6B490022BEF}.Debug|iPhoneSimulator.Build.0 = Debug|Any CPU
		{A051E9C3-509B-4350-AED4-B6B490022BEF}.Debug|x86.ActiveCfg = Debug|Any CPU
		{A051E9C3-509B-4350-AED4-B6B490022BEF}.Debug|x86.Build.0 = Debug|Any CPU
		{A051E9C3-509B-4350-AED4-B6B490022BEF}.Release|Any CPU.ActiveCfg = Release|Any CPU
		{A051E9C3-509B-4350-AED4-B6B490022BEF}.Release|Any CPU.Build.0 = Release|Any CPU
		{A051E9C3-509B-4350-AED4-B6B490022BEF}.Release|ARM.ActiveCfg = Release|Any CPU
		{A051E9C3-509B-4350-AED4-B6B490022BEF}.Release|ARM.Build.0 = Release|Any CPU
		{A051E9C3-509B-4350-AED4-B6B490022BEF}.Release|iPhone.ActiveCfg = Release|Any CPU
		{A051E9C3-509B-4350-AED4-B6B490022BEF}.Release|iPhone.Build.0 = Release|Any CPU
		{A051E9C3-509B-4350-AED4-B6B490022BEF}.Release|iPhoneSimulator.ActiveCfg = Release|Any CPU
		{A051E9C3-509B-4350-AED4-B6B490022BEF}.Release|iPhoneSimulator.Build.0 = Release|Any CPU
		{A051E9C3-509B-4350-AED4-B6B490022BEF}.Release|x86.ActiveCfg = Release|Any CPU
		{A051E9C3-509B-4350-AED4-B6B490022BEF}.Release|x86.Build.0 = Release|Any CPU
	EndGlobalSection
	GlobalSection(SolutionProperties) = preSolution
		HideSolutionNode = FALSE
	EndGlobalSection
EndGlobal
